
Microsoft Visual Studio Solution File, Format Version 12.00
# Visual Studio Version 17
VisualStudioVersion = 17.11.35327.3
MinimumVisualStudioVersion = 10.0.40219.1
Project("{FAE04EC0-301F-11D3-BF4B-00C04F79EFBC}") = "Librarius_DL", "Librarius_DL.csproj", "{76CA71A3-DB71-488B-B51E-905894A1637C}"
EndProject
Global
	GlobalSection(SolutionConfigurationPlatforms) = preSolution
		Debug|Any CPU = Debug|Any CPU
		Release|Any CPU = Release|Any CPU
	EndGlobalSection
	GlobalSection(ProjectConfigurationPlatforms) = postSolution
		{76CA71A3-DB71-488B-B51E-905894A1637C}.Debug|Any CPU.ActiveCfg = Debug|Any CPU
		{76CA71A3-DB71-488B-B51E-905894A1637C}.Debug|Any CPU.Build.0 = Debug|Any CPU
		{76CA71A3-DB71-488B-B51E-905894A1637C}.Release|Any CPU.ActiveCfg = Release|Any CPU
		{76CA71A3-DB71-488B-B51E-905894A1637C}.Release|Any CPU.Build.0 = Release|Any CPU
	EndGlobalSection
	GlobalSection(SolutionProperties) = preSolution
		HideSolutionNode = FALSE
	EndGlobalSection
	GlobalSection(ExtensibilityGlobals) = postSolution
		SolutionGuid = {0B05BDA4-8905-40DA-AE9D-4F9F3ADF4A98}
	EndGlobalSection
EndGlobal
